
Microsoft Visual Studio Solution File, Format Version 12.00
# Visual Studio Version 17
VisualStudioVersion = 17.1.32210.238
MinimumVisualStudioVersion = 10.0.40219.1
Project("{FAE04EC0-301F-11D3-BF4B-00C04F79EFBC}") = "LandingRocket.Lib", "LandingRocket.Lib\LandingRocket.Lib.csproj", "{4157481A-2A3A-4EC6-A6B1-F4466FFED67A}"
EndProject
Project("{FAE04EC0-301F-11D3-BF4B-00C04F79EFBC}") = "LandingRocket.Lib.Tests", "LandingRocket.Lib.Tests\LandingRocket.Lib.Tests.csproj", "{62FE2E7A-E77E-47A6-B45F-CBF48B98A92F}"
EndProject
Global
	GlobalSection(SolutionConfigurationPlatforms) = preSolution
		Debug|Any CPU = Debug|Any CPU
		Release|Any CPU = Release|Any CPU
	EndGlobalSection
	GlobalSection(ProjectConfigurationPlatforms) = postSolution
		{4157481A-2A3A-4EC6-A6B1-F4466FFED67A}.Debug|Any CPU.ActiveCfg = Debug|Any CPU
		{4157481A-2A3A-4EC6-A6B1-F4466FFED67A}.Debug|Any CPU.Build.0 = Debug|Any CPU
		{4157481A-2A3A-4EC6-A6B1-F4466FFED67A}.Release|Any CPU.ActiveCfg = Release|Any CPU
		{4157481A-2A3A-4EC6-A6B1-F4466FFED67A}.Release|Any CPU.Build.0 = Release|Any CPU
		{62FE2E7A-E77E-47A6-B45F-CBF48B98A92F}.Debug|Any CPU.ActiveCfg = Debug|Any CPU
		{62FE2E7A-E77E-47A6-B45F-CBF48B98A92F}.Debug|Any CPU.Build.0 = Debug|Any CPU
		{62FE2E7A-E77E-47A6-B45F-CBF48B98A92F}.Release|Any CPU.ActiveCfg = Release|Any CPU
		{62FE2E7A-E77E-47A6-B45F-CBF48B98A92F}.Release|Any CPU.Build.0 = Release|Any CPU
	EndGlobalSection
	GlobalSection(SolutionProperties) = preSolution
		HideSolutionNode = FALSE
	EndGlobalSection
	GlobalSection(ExtensibilityGlobals) = postSolution
		SolutionGuid = {2F008386-9BB7-4E20-B313-8E5F2E2B0289}
	EndGlobalSection
EndGlobal
